
Microsoft Visual Studio Solution File, Format Version 12.00
# Visual Studio Version 16
VisualStudioVersion = 16.0.30621.155
MinimumVisualStudioVersion = 10.0.40219.1
Project("{FAE04EC0-301F-11D3-BF4B-00C04F79EFBC}") = "Catalog", "Catalog\Catalog.csproj", "{0FD578A9-FE53-4C47-BD67-9E6E0E99D956}"
EndProject
Global
	GlobalSection(SolutionConfigurationPlatforms) = preSolution
		Debug|Any CPU = Debug|Any CPU
		Release|Any CPU = Release|Any CPU
	EndGlobalSection
	GlobalSection(ProjectConfigurationPlatforms) = postSolution
		{0FD578A9-FE53-4C47-BD67-9E6E0E99D956}.Debug|Any CPU.ActiveCfg = Debug|Any CPU
		{0FD578A9-FE53-4C47-BD67-9E6E0E99D956}.Debug|Any CPU.Build.0 = Debug|Any CPU
		{0FD578A9-FE53-4C47-BD67-9E6E0E99D956}.Release|Any CPU.ActiveCfg = Release|Any CPU
		{0FD578A9-FE53-4C47-BD67-9E6E0E99D956}.Release|Any CPU.Build.0 = Release|Any CPU
	EndGlobalSection
	GlobalSection(SolutionProperties) = preSolution
		HideSolutionNode = FALSE
	EndGlobalSection
	GlobalSection(ExtensibilityGlobals) = postSolution
		SolutionGuid = {B272FB8B-1A9C-470A-84CF-C6D0902D53FA}
	EndGlobalSection
EndGlobal
